
Microsoft Visual Studio Solution File, Format Version 12.00
# Visual Studio 15
VisualStudioVersion = 15.0.26124.0
MinimumVisualStudioVersion = 15.0.26124.0
Project("{FAE04EC0-301F-11D3-BF4B-00C04F79EFBC}") = "API", "API\API.csproj", "{C3CE0177-CB52-45A0-B047-4A9FEC10DD19}"
EndProject
Project("{FAE04EC0-301F-11D3-BF4B-00C04F79EFBC}") = "Core", "Core\Core.csproj", "{65E05F62-B800-4132-ACDA-9EDABB686181}"
EndProject
Project("{FAE04EC0-301F-11D3-BF4B-00C04F79EFBC}") = "Infrastructure", "Infrastructure\Infrastructure.csproj", "{F7396C9E-6F42-44DA-AE01-A3FA9AAEEE6E}"
EndProject
Global
	GlobalSection(SolutionConfigurationPlatforms) = preSolution
		Debug|Any CPU = Debug|Any CPU
		Debug|x64 = Debug|x64
		Debug|x86 = Debug|x86
		Release|Any CPU = Release|Any CPU
		Release|x64 = Release|x64
		Release|x86 = Release|x86
	EndGlobalSection
	GlobalSection(SolutionProperties) = preSolution
		HideSolutionNode = FALSE
	EndGlobalSection
	GlobalSection(ProjectConfigurationPlatforms) = postSolution
		{C3CE0177-CB52-45A0-B047-4A9FEC10DD19}.Debug|Any CPU.ActiveCfg = Debug|Any CPU
		{C3CE0177-CB52-45A0-B047-4A9FEC10DD19}.Debug|Any CPU.Build.0 = Debug|Any CPU
		{C3CE0177-CB52-45A0-B047-4A9FEC10DD19}.Debug|x64.ActiveCfg = Debug|Any CPU
		{C3CE0177-CB52-45A0-B047-4A9FEC10DD19}.Debug|x64.Build.0 = Debug|Any CPU
		{C3CE0177-CB52-45A0-B047-4A9FEC10DD19}.Debug|x86.ActiveCfg = Debug|Any CPU
		{C3CE0177-CB52-45A0-B047-4A9FEC10DD19}.Debug|x86.Build.0 = Debug|Any CPU
		{C3CE0177-CB52-45A0-B047-4A9FEC10DD19}.Release|Any CPU.ActiveCfg = Release|Any CPU
		{C3CE0177-CB52-45A0-B047-4A9FEC10DD19}.Release|Any CPU.Build.0 = Release|Any CPU
		{C3CE0177-CB52-45A0-B047-4A9FEC10DD19}.Release|x64.ActiveCfg = Release|Any CPU
		{C3CE0177-CB52-45A0-B047-4A9FEC10DD19}.Release|x64.Build.0 = Release|Any CPU
		{C3CE0177-CB52-45A0-B047-4A9FEC10DD19}.Release|x86.ActiveCfg = Release|Any CPU
		{C3CE0177-CB52-45A0-B047-4A9FEC10DD19}.Release|x86.Build.0 = Release|Any CPU
		{65E05F62-B800-4132-ACDA-9EDABB686181}.Debug|Any CPU.ActiveCfg = Debug|Any CPU
		{65E05F62-B800-4132-ACDA-9EDABB686181}.Debug|Any CPU.Build.0 = Debug|Any CPU
		{65E05F62-B800-4132-ACDA-9EDABB686181}.Debug|x64.ActiveCfg = Debug|Any CPU
		{65E05F62-B800-4132-ACDA-9EDABB686181}.Debug|x64.Build.0 = Debug|Any CPU
		{65E05F62-B800-4132-ACDA-9EDABB686181}.Debug|x86.ActiveCfg = Debug|Any CPU
		{65E05F62-B800-4132-ACDA-9EDABB686181}.Debug|x86.Build.0 = Debug|Any CPU
		{65E05F62-B800-4132-ACDA-9EDABB686181}.Release|Any CPU.ActiveCfg = Release|Any CPU
		{65E05F62-B800-4132-ACDA-9EDABB686181}.Release|Any CPU.Build.0 = Release|Any CPU
		{65E05F62-B800-4132-ACDA-9EDABB686181}.Release|x64.ActiveCfg = Release|Any CPU
		{65E05F62-B800-4132-ACDA-9EDABB686181}.Release|x64.Build.0 = Release|Any CPU
		{65E05F62-B800-4132-ACDA-9EDABB686181}.Release|x86.ActiveCfg = Release|Any CPU
		{65E05F62-B800-4132-ACDA-9EDABB686181}.Release|x86.Build.0 = Release|Any CPU
		{F7396C9E-6F42-44DA-AE01-A3FA9AAEEE6E}.Debug|Any CPU.ActiveCfg = Debug|Any CPU
		{F7396C9E-6F42-44DA-AE01-A3FA9AAEEE6E}.Debug|Any CPU.Build.0 = Debug|Any CPU
		{F7396C9E-6F42-44DA-AE01-A3FA9AAEEE6E}.Debug|x64.ActiveCfg = Debug|Any CPU
		{F7396C9E-6F42-44DA-AE01-A3FA9AAEEE6E}.Debug|x64.Build.0 = Debug|Any CPU
		{F7396C9E-6F42-44DA-AE01-A3FA9AAEEE6E}.Debug|x86.ActiveCfg = Debug|Any CPU
		{F7396C9E-6F42-44DA-AE01-A3FA9AAEEE6E}.Debug|x86.Build.0 = Debug|Any CPU
		{F7396C9E-6F42-44DA-AE01-A3FA9AAEEE6E}.Release|Any CPU.ActiveCfg = Release|Any CPU
		{F7396C9E-6F42-44DA-AE01-A3FA9AAEEE6E}.Release|Any CPU.Build.0 = Release|Any CPU
		{F7396C9E-6F42-44DA-AE01-A3FA9AAEEE6E}.Release|x64.ActiveCfg = Release|Any CPU
		{F7396C9E-6F42-44DA-AE01-A3FA9AAEEE6E}.Release|x64.Build.0 = Release|Any CPU
		{F7396C9E-6F42-44DA-AE01-A3FA9AAEEE6E}.Release|x86.ActiveCfg = Release|Any CPU
		{F7396C9E-6F42-44DA-AE01-A3FA9AAEEE6E}.Release|x86.Build.0 = Release|Any CPU
	EndGlobalSection
EndGlobal
